// !$*UTF8*$!
{
	archiveVersion = 1;
	classes = {
	};
	objectVersion = 52;
	objects = {

/* Begin PBXBuildFile section */
		0A415E6427CA9FB900CF9AA3 /* Algorithms in Frameworks */ = {isa = PBXBuildFile; productRef = 0A415E6327CA9FB900CF9AA3 /* Algorithms */; };
		0A8FBE3F27C96EB5000E84F6 /* OpenMindApp.swift in Sources */ = {isa = PBXBuildFile; fileRef = 0A8FBE3E27C96EB5000E84F6 /* OpenMindApp.swift */; };
		0A8FBE4127C96FD0000E84F6 /* LaunchScreen.storyboard in Resources */ = {isa = PBXBuildFile; fileRef = 0A8FBE4027C96FD0000E84F6 /* LaunchScreen.storyboard */; };
		E0166F7623BC391000B3CFFC /* FlyoutMenu.swift in Sources */ = {isa = PBXBuildFile; fileRef = E0166F7523BC391000B3CFFC /* FlyoutMenu.swift */; };
		E0166F7E23BC635000B3CFFC /* PathExtensions.swift in Sources */ = {isa = PBXBuildFile; fileRef = E0166F7D23BC635000B3CFFC /* PathExtensions.swift */; };
		E0166F8223BC66DF00B3CFFC /* DrawingPadSwiftUI.swift in Sources */ = {isa = PBXBuildFile; fileRef = E0166F8123BC66DF00B3CFFC /* DrawingPadSwiftUI.swift */; };
		E062E150239B550800A93D02 /* ContentView.swift in Sources */ = {isa = PBXBuildFile; fileRef = E062E14F239B550800A93D02 /* ContentView.swift */; };
		E062E152239B550900A93D02 /* Assets.xcassets in Resources */ = {isa = PBXBuildFile; fileRef = E062E151239B550900A93D02 /* Assets.xcassets */; };
		E062E155239B550900A93D02 /* Preview Assets.xcassets in Resources */ = {isa = PBXBuildFile; fileRef = E062E154239B550900A93D02 /* Preview Assets.xcassets */; };
		E07FD0CC239B6087004771E1 /* Colors.xcassets in Resources */ = {isa = PBXBuildFile; fileRef = E07FD0CB239B6087004771E1 /* Colors.xcassets */; };
		E084ECD2239B826900CD1DFF /* Shapes.swift in Sources */ = {isa = PBXBuildFile; fileRef = E084ECD1239B826900CD1DFF /* Shapes.swift */; };
		E0D1BDBF23B97297007D13E4 /* CellModel.swift in Sources */ = {isa = PBXBuildFile; fileRef = E0D1BDBE23B97297007D13E4 /* CellModel.swift */; };
		E0D1BDC123B973AA007D13E4 /* CellView.swift in Sources */ = {isa = PBXBuildFile; fileRef = E0D1BDC023B973AA007D13E4 /* CellView.swift */; };
		E0D1BDC323B974A3007D13E4 /* BackgroundView.swift in Sources */ = {isa = PBXBuildFile; fileRef = E0D1BDC223B974A3007D13E4 /* BackgroundView.swift */; };
		E0D1BDC723B97BF5007D13E4 /* Extensions.swift in Sources */ = {isa = PBXBuildFile; fileRef = E0D1BDC623B97BF5007D13E4 /* Extensions.swift */; };
		E0D1BDCB23B99B30007D13E4 /* ColorSliderView.swift in Sources */ = {isa = PBXBuildFile; fileRef = E0D1BDCA23B99B30007D13E4 /* ColorSliderView.swift */; };
		E0D1BDD323B9A75D007D13E4 /* ColorPickerView.swift in Sources */ = {isa = PBXBuildFile; fileRef = E0D1BDD223B9A75D007D13E4 /* ColorPickerView.swift */; };
/* End PBXBuildFile section */

/* Begin PBXFileReference section */
		0A8FBE3E27C96EB5000E84F6 /* OpenMindApp.swift */ = {isa = PBXFileReference; fileEncoding = 4; lastKnownFileType = sourcecode.swift; path = OpenMindApp.swift; sourceTree = "<group>"; };
		0A8FBE4027C96FD0000E84F6 /* LaunchScreen.storyboard */ = {isa = PBXFileReference; fileEncoding = 4; lastKnownFileType = file.storyboard; path = LaunchScreen.storyboard; sourceTree = "<group>"; };
		E0166F7523BC391000B3CFFC /* FlyoutMenu.swift */ = {isa = PBXFileReference; lastKnownFileType = sourcecode.swift; path = FlyoutMenu.swift; sourceTree = "<group>"; };
		E0166F7D23BC635000B3CFFC /* PathExtensions.swift */ = {isa = PBXFileReference; fileEncoding = 4; lastKnownFileType = sourcecode.swift; path = PathExtensions.swift; sourceTree = "<group>"; };
		E0166F8123BC66DF00B3CFFC /* DrawingPadSwiftUI.swift */ = {isa = PBXFileReference; lastKnownFileType = sourcecode.swift; path = DrawingPadSwiftUI.swift; sourceTree = "<group>"; };
		E062E148239B550800A93D02 /* OpenMind.app */ = {isa = PBXFileReference; explicitFileType = wrapper.application; includeInIndex = 0; path = OpenMind.app; sourceTree = BUILT_PRODUCTS_DIR; };
		E062E14F239B550800A93D02 /* ContentView.swift */ = {isa = PBXFileReference; lastKnownFileType = sourcecode.swift; path = ContentView.swift; sourceTree = "<group>"; };
		E062E151239B550900A93D02 /* Assets.xcassets */ = {isa = PBXFileReference; lastKnownFileType = folder.assetcatalog; path = Assets.xcassets; sourceTree = "<group>"; };
		E062E154239B550900A93D02 /* Preview Assets.xcassets */ = {isa = PBXFileReference; lastKnownFileType = folder.assetcatalog; path = "Preview Assets.xcassets"; sourceTree = "<group>"; };
		E062E159239B550900A93D02 /* Info.plist */ = {isa = PBXFileReference; lastKnownFileType = text.plist.xml; path = Info.plist; sourceTree = "<group>"; };
		E07FD0CB239B6087004771E1 /* Colors.xcassets */ = {isa = PBXFileReference; lastKnownFileType = folder.assetcatalog; path = Colors.xcassets; sourceTree = "<group>"; };
		E084ECD1239B826900CD1DFF /* Shapes.swift */ = {isa = PBXFileReference; lastKnownFileType = sourcecode.swift; path = Shapes.swift; sourceTree = "<group>"; };
		E0D1BDBE23B97297007D13E4 /* CellModel.swift */ = {isa = PBXFileReference; lastKnownFileType = sourcecode.swift; path = CellModel.swift; sourceTree = "<group>"; };
		E0D1BDC023B973AA007D13E4 /* CellView.swift */ = {isa = PBXFileReference; lastKnownFileType = sourcecode.swift; path = CellView.swift; sourceTree = "<group>"; };
		E0D1BDC223B974A3007D13E4 /* BackgroundView.swift */ = {isa = PBXFileReference; lastKnownFileType = sourcecode.swift; path = BackgroundView.swift; sourceTree = "<group>"; };
		E0D1BDC623B97BF5007D13E4 /* Extensions.swift */ = {isa = PBXFileReference; lastKnownFileType = sourcecode.swift; path = Extensions.swift; sourceTree = "<group>"; };
		E0D1BDCA23B99B30007D13E4 /* ColorSliderView.swift */ = {isa = PBXFileReference; lastKnownFileType = sourcecode.swift; path = ColorSliderView.swift; sourceTree = "<group>"; };
		E0D1BDD223B9A75D007D13E4 /* ColorPickerView.swift */ = {isa = PBXFileReference; lastKnownFileType = sourcecode.swift; path = ColorPickerView.swift; sourceTree = "<group>"; };
/* End PBXFileReference section */

/* Begin PBXFrameworksBuildPhase section */
		E062E145239B550800A93D02 /* Frameworks */ = {
			isa = PBXFrameworksBuildPhase;
			buildActionMask = 2147483647;
			files = (
				0A415E6427CA9FB900CF9AA3 /* Algorithms in Frameworks */,
			);
			runOnlyForDeploymentPostprocessing = 0;
		};
/* End PBXFrameworksBuildPhase section */

/* Begin PBXGroup section */
		0A415E6527CC137600CF9AA3 /* Cell */ = {
			isa = PBXGroup;
			children = (
				E0D1BDC023B973AA007D13E4 /* CellView.swift */,
				E0D1BDBE23B97297007D13E4 /* CellModel.swift */,
			);
			path = Cell;
			sourceTree = "<group>";
		};
		0A415E6627CC139F00CF9AA3 /* Controls */ = {
			isa = PBXGroup;
			children = (
				E0D1BDD223B9A75D007D13E4 /* ColorPickerView.swift */,
				E0D1BDCA23B99B30007D13E4 /* ColorSliderView.swift */,
				E0166F8123BC66DF00B3CFFC /* DrawingPadSwiftUI.swift */,
				E0166F7523BC391000B3CFFC /* FlyoutMenu.swift */,
				E084ECD1239B826900CD1DFF /* Shapes.swift */,
			);
			path = Controls;
			sourceTree = "<group>";
		};
		0A415E6727CC14A600CF9AA3 /* Extensions */ = {
			isa = PBXGroup;
			children = (
				E0D1BDC623B97BF5007D13E4 /* Extensions.swift */,
				E0166F7D23BC635000B3CFFC /* PathExtensions.swift */,
			);
			path = Extensions;
			sourceTree = "<group>";
		};
		E062E13F239B550800A93D02 = {
			isa = PBXGroup;
			children = (
				E062E14A239B550800A93D02 /* OpenMind */,
				E062E149239B550800A93D02 /* Products */,
			);
			sourceTree = "<group>";
		};
		E062E149239B550800A93D02 /* Products */ = {
			isa = PBXGroup;
			children = (
				E062E148239B550800A93D02 /* OpenMind.app */,
			);
			name = Products;
			sourceTree = "<group>";
		};
		E062E14A239B550800A93D02 /* OpenMind */ = {
			isa = PBXGroup;
			children = (
				0A8FBE3E27C96EB5000E84F6 /* OpenMindApp.swift */,
				E062E14F239B550800A93D02 /* ContentView.swift */,
				E0D1BDC223B974A3007D13E4 /* BackgroundView.swift */,
				0A415E6627CC139F00CF9AA3 /* Controls */,
				0A415E6527CC137600CF9AA3 /* Cell */,
				0A415E6727CC14A600CF9AA3 /* Extensions */,
				E062E151239B550900A93D02 /* Assets.xcassets */,
				E07FD0CB239B6087004771E1 /* Colors.xcassets */,
				0A8FBE4027C96FD0000E84F6 /* LaunchScreen.storyboard */,
				E062E159239B550900A93D02 /* Info.plist */,
				E062E153239B550900A93D02 /* Preview Content */,
			);
			path = OpenMind;
			sourceTree = "<group>";
		};
		E062E153239B550900A93D02 /* Preview Content */ = {
			isa = PBXGroup;
			children = (
				E062E154239B550900A93D02 /* Preview Assets.xcassets */,
			);
			path = "Preview Content";
			sourceTree = "<group>";
		};
/* End PBXGroup section */

/* Begin PBXNativeTarget section */
		E062E147239B550800A93D02 /* OpenMind */ = {
			isa = PBXNativeTarget;
			buildConfigurationList = E062E15C239B550900A93D02 /* Build configuration list for PBXNativeTarget "OpenMind" */;
			buildPhases = (
				E062E144239B550800A93D02 /* Sources */,
				E062E145239B550800A93D02 /* Frameworks */,
				E062E146239B550800A93D02 /* Resources */,
			);
			buildRules = (
			);
			dependencies = (
			);
			name = OpenMind;
			packageProductDependencies = (
				0A415E6327CA9FB900CF9AA3 /* Algorithms */,
			);
			productName = OpenMind;
			productReference = E062E148239B550800A93D02 /* OpenMind.app */;
			productType = "com.apple.product-type.application";
		};
/* End PBXNativeTarget section */

/* Begin PBXProject section */
		E062E140239B550800A93D02 /* Project object */ = {
			isa = PBXProject;
			attributes = {
				LastSwiftUpdateCheck = 1120;
				LastUpgradeCheck = 1330;
				ORGANIZATIONNAME = "Ray Wenderlich";
				TargetAttributes = {
					E062E147239B550800A93D02 = {
						CreatedOnToolsVersion = 11.2.1;
					};
				};
			};
			buildConfigurationList = E062E143239B550800A93D02 /* Build configuration list for PBXProject "OpenMind" */;
			compatibilityVersion = "Xcode 9.3";
			developmentRegion = en;
			hasScannedForEncodings = 0;
			knownRegions = (
				en,
				Base,
			);
			mainGroup = E062E13F239B550800A93D02;
			packageReferences = (
				0A415E6227CA9FB900CF9AA3 /* XCRemoteSwiftPackageReference "swift-algorithms" */,
			);
			productRefGroup = E062E149239B550800A93D02 /* Products */;
			projectDirPath = "";
			projectRoot = "";
			targets = (
				E062E147239B550800A93D02 /* OpenMind */,
			);
		};
/* End PBXProject section */

/* Begin PBXResourcesBuildPhase section */
		E062E146239B550800A93D02 /* Resources */ = {
			isa = PBXResourcesBuildPhase;
			buildActionMask = 2147483647;
			files = (
				E07FD0CC239B6087004771E1 /* Colors.xcassets in Resources */,
				0A8FBE4127C96FD0000E84F6 /* LaunchScreen.storyboard in Resources */,
				E062E155239B550900A93D02 /* Preview Assets.xcassets in Resources */,
				E062E152239B550900A93D02 /* Assets.xcassets in Resources */,
			);
			runOnlyForDeploymentPostprocessing = 0;
		};
/* End PBXResourcesBuildPhase section */

/* Begin PBXSourcesBuildPhase section */
		E062E144239B550800A93D02 /* Sources */ = {
			isa = PBXSourcesBuildPhase;
			buildActionMask = 2147483647;
			files = (
				E0166F7E23BC635000B3CFFC /* PathExtensions.swift in Sources */,
				E0D1BDC723B97BF5007D13E4 /* Extensions.swift in Sources */,
				E0D1BDC323B974A3007D13E4 /* BackgroundView.swift in Sources */,
				E0166F7623BC391000B3CFFC /* FlyoutMenu.swift in Sources */,
				0A8FBE3F27C96EB5000E84F6 /* OpenMindApp.swift in Sources */,
				E0D1BDCB23B99B30007D13E4 /* ColorSliderView.swift in Sources */,
				E0D1BDBF23B97297007D13E4 /* CellModel.swift in Sources */,
				E062E150239B550800A93D02 /* ContentView.swift in Sources */,
				E0D1BDD323B9A75D007D13E4 /* ColorPickerView.swift in Sources */,
				E084ECD2239B826900CD1DFF /* Shapes.swift in Sources */,
				E0D1BDC123B973AA007D13E4 /* CellView.swift in Sources */,
				E0166F8223BC66DF00B3CFFC /* DrawingPadSwiftUI.swift in Sources */,
			);
			runOnlyForDeploymentPostprocessing = 0;
		};
/* End PBXSourcesBuildPhase section */

/* Begin XCBuildConfiguration section */
		E062E15A239B550900A93D02 /* Debug */ = {
			isa = XCBuildConfiguration;
			buildSettings = {
				ALWAYS_SEARCH_USER_PATHS = NO;
				CLANG_ANALYZER_NONNULL = YES;
				CLANG_ANALYZER_NUMBER_OBJECT_CONVERSION = YES_AGGRESSIVE;
				CLANG_CXX_LANGUAGE_STANDARD = "gnu++14";
				CLANG_CXX_LIBRARY = "libc++";
				CLANG_ENABLE_MODULES = YES;
				CLANG_ENABLE_OBJC_ARC = YES;
				CLANG_ENABLE_OBJC_WEAK = YES;
				CLANG_WARN_BLOCK_CAPTURE_AUTORELEASING = YES;
				CLANG_WARN_BOOL_CONVERSION = YES;
				CLANG_WARN_COMMA = YES;
				CLANG_WARN_CONSTANT_CONVERSION = YES;
				CLANG_WARN_DEPRECATED_OBJC_IMPLEMENTATIONS = YES;
				CLANG_WARN_DIRECT_OBJC_ISA_USAGE = YES_ERROR;
				CLANG_WARN_DOCUMENTATION_COMMENTS = YES;
				CLANG_WARN_EMPTY_BODY = YES;
				CLANG_WARN_ENUM_CONVERSION = YES;
				CLANG_WARN_INFINITE_RECURSION = YES;
				CLANG_WARN_INT_CONVERSION = YES;
				CLANG_WARN_NON_LITERAL_NULL_CONVERSION = YES;
				CLANG_WARN_OBJC_IMPLICIT_RETAIN_SELF = YES;
				CLANG_WARN_OBJC_LITERAL_CONVERSION = YES;
				CLANG_WARN_OBJC_ROOT_CLASS = YES_ERROR;
				CLANG_WARN_QUOTED_INCLUDE_IN_FRAMEWORK_HEADER = YES;
				CLANG_WARN_RANGE_LOOP_ANALYSIS = YES;
				CLANG_WARN_STRICT_PROTOTYPES = YES;
				CLANG_WARN_SUSPICIOUS_MOVE = YES;
				CLANG_WARN_UNGUARDED_AVAILABILITY = YES_AGGRESSIVE;
				CLANG_WARN_UNREACHABLE_CODE = YES;
				CLANG_WARN__DUPLICATE_METHOD_MATCH = YES;
				COPY_PHASE_STRIP = NO;
				DEBUG_INFORMATION_FORMAT = dwarf;
				ENABLE_STRICT_OBJC_MSGSEND = YES;
				ENABLE_TESTABILITY = YES;
				GCC_C_LANGUAGE_STANDARD = gnu11;
				GCC_DYNAMIC_NO_PIC = NO;
				GCC_NO_COMMON_BLOCKS = YES;
				GCC_OPTIMIZATION_LEVEL = 0;
				GCC_PREPROCESSOR_DEFINITIONS = (
					"DEBUG=1",
					"$(inherited)",
				);
				GCC_WARN_64_TO_32_BIT_CONVERSION = YES;
				GCC_WARN_ABOUT_RETURN_TYPE = YES_ERROR;
				GCC_WARN_UNDECLARED_SELECTOR = YES;
				GCC_WARN_UNINITIALIZED_AUTOS = YES_AGGRESSIVE;
				GCC_WARN_UNUSED_FUNCTION = YES;
				GCC_WARN_UNUSED_VARIABLE = YES;
				IPHONEOS_DEPLOYMENT_TARGET = 15.2;
				MTL_ENABLE_DEBUG_INFO = INCLUDE_SOURCE;
				MTL_FAST_MATH = YES;
				ONLY_ACTIVE_ARCH = YES;
				SDKROOT = iphoneos;
				SWIFT_ACTIVE_COMPILATION_CONDITIONS = DEBUG;
				SWIFT_OPTIMIZATION_LEVEL = "-Onone";
			};
			name = Debug;
		};
		E062E15B239B550900A93D02 /* Release */ = {
			isa = XCBuildConfiguration;
			buildSettings = {
				ALWAYS_SEARCH_USER_PATHS = NO;
				CLANG_ANALYZER_NONNULL = YES;
				CLANG_ANALYZER_NUMBER_OBJECT_CONVERSION = YES_AGGRESSIVE;
				CLANG_CXX_LANGUAGE_STANDARD = "gnu++14";
				CLANG_CXX_LIBRARY = "libc++";
				CLANG_ENABLE_MODULES = YES;
				CLANG_ENABLE_OBJC_ARC = YES;
				CLANG_ENABLE_OBJC_WEAK = YES;
				CLANG_WARN_BLOCK_CAPTURE_AUTORELEASING = YES;
				CLANG_WARN_BOOL_CONVERSION = YES;
				CLANG_WARN_COMMA = YES;
				CLANG_WARN_CONSTANT_CONVERSION = YES;
				CLANG_WARN_DEPRECATED_OBJC_IMPLEMENTATIONS = YES;
				CLANG_WARN_DIRECT_OBJC_ISA_USAGE = YES_ERROR;
				CLANG_WARN_DOCUMENTATION_COMMENTS = YES;
				CLANG_WARN_EMPTY_BODY = YES;
				CLANG_WARN_ENUM_CONVERSION = YES;
				CLANG_WARN_INFINITE_RECURSION = YES;
				CLANG_WARN_INT_CONVERSION = YES;
				CLANG_WARN_NON_LITERAL_NULL_CONVERSION = YES;
				CLANG_WARN_OBJC_IMPLICIT_RETAIN_SELF = YES;
				CLANG_WARN_OBJC_LITERAL_CONVERSION = YES;
				CLANG_WARN_OBJC_ROOT_CLASS = YES_ERROR;
				CLANG_WARN_QUOTED_INCLUDE_IN_FRAMEWORK_HEADER = YES;
				CLANG_WARN_RANGE_LOOP_ANALYSIS = YES;
				CLANG_WARN_STRICT_PROTOTYPES = YES;
				CLANG_WARN_SUSPICIOUS_MOVE = YES;
				CLANG_WARN_UNGUARDED_AVAILABILITY = YES_AGGRESSIVE;
				CLANG_WARN_UNREACHABLE_CODE = YES;
				CLANG_WARN__DUPLICATE_METHOD_MATCH = YES;
				COPY_PHASE_STRIP = NO;
				DEBUG_INFORMATION_FORMAT = "dwarf-with-dsym";
				ENABLE_NS_ASSERTIONS = NO;
				ENABLE_STRICT_OBJC_MSGSEND = YES;
				GCC_C_LANGUAGE_STANDARD = gnu11;
				GCC_NO_COMMON_BLOCKS = YES;
				GCC_WARN_64_TO_32_BIT_CONVERSION = YES;
				GCC_WARN_ABOUT_RETURN_TYPE = YES_ERROR;
				GCC_WARN_UNDECLARED_SELECTOR = YES;
				GCC_WARN_UNINITIALIZED_AUTOS = YES_AGGRESSIVE;
				GCC_WARN_UNUSED_FUNCTION = YES;
				GCC_WARN_UNUSED_VARIABLE = YES;
				IPHONEOS_DEPLOYMENT_TARGET = 15.2;
				MTL_ENABLE_DEBUG_INFO = NO;
				MTL_FAST_MATH = YES;
				SDKROOT = iphoneos;
				SWIFT_COMPILATION_MODE = wholemodule;
				SWIFT_OPTIMIZATION_LEVEL = "-O";
				VALIDATE_PRODUCT = YES;
			};
			name = Release;
		};
		E062E15D239B550900A93D02 /* Debug */ = {
			isa = XCBuildConfiguration;
			buildSettings = {
				ASSETCATALOG_COMPILER_APPICON_NAME = AppIcon;
				CODE_SIGN_STYLE = Automatic;
				DEVELOPMENT_ASSET_PATHS = "\"OpenMind/Preview Content\"";
				DEVELOPMENT_TEAM = "";
				ENABLE_PREVIEWS = YES;
				INFOPLIST_FILE = OpenMind/Info.plist;
				LD_RUNPATH_SEARCH_PATHS = (
					"$(inherited)",
					"@executable_path/Frameworks",
				);
				PRODUCT_BUNDLE_IDENTIFIER = razeware.OpenMind;
				PRODUCT_NAME = "$(TARGET_NAME)";
				SWIFT_VERSION = 5.0;
				TARGETED_DEVICE_FAMILY = "1,2";
			};
			name = Debug;
		};
		E062E15E239B550900A93D02 /* Release */ = {
			isa = XCBuildConfiguration;
			buildSettings = {
				ASSETCATALOG_COMPILER_APPICON_NAME = AppIcon;
				CODE_SIGN_STYLE = Automatic;
				DEVELOPMENT_ASSET_PATHS = "\"OpenMind/Preview Content\"";
				DEVELOPMENT_TEAM = "";
				ENABLE_PREVIEWS = YES;
				INFOPLIST_FILE = OpenMind/Info.plist;
				LD_RUNPATH_SEARCH_PATHS = (
					"$(inherited)",
					"@executable_path/Frameworks",
				);
				PRODUCT_BUNDLE_IDENTIFIER = razeware.OpenMind;
				PRODUCT_NAME = "$(TARGET_NAME)";
				SWIFT_VERSION = 5.0;
				TARGETED_DEVICE_FAMILY = "1,2";
			};
			name = Release;
		};
/* End XCBuildConfiguration section */

/* Begin XCConfigurationList section */
		E062E143239B550800A93D02 /* Build configuration list for PBXProject "OpenMind" */ = {
			isa = XCConfigurationList;
			buildConfigurations = (
				E062E15A239B550900A93D02 /* Debug */,
				E062E15B239B550900A93D02 /* Release */,
			);
			defaultConfigurationIsVisible = 0;
			defaultConfigurationName = Release;
		};
		E062E15C239B550900A93D02 /* Build configuration list for PBXNativeTarget "OpenMind" */ = {
			isa = XCConfigurationList;
			buildConfigurations = (
				E062E15D239B550900A93D02 /* Debug */,
				E062E15E239B550900A93D02 /* Release */,
			);
			defaultConfigurationIsVisible = 0;
			defaultConfigurationName = Release;
		};
/* End XCConfigurationList section */

/* Begin XCRemoteSwiftPackageReference section */
		0A415E6227CA9FB900CF9AA3 /* XCRemoteSwiftPackageReference "swift-algorithms" */ = {
			isa = XCRemoteSwiftPackageReference;
			repositoryURL = "https://github.com/apple/swift-algorithms.git";
			requirement = {
				kind = upToNextMajorVersion;
				minimumVersion = 1.0.0;
			};
		};
/* End XCRemoteSwiftPackageReference section */

/* Begin XCSwiftPackageProductDependency section */
		0A415E6327CA9FB900CF9AA3 /* Algorithms */ = {
			isa = XCSwiftPackageProductDependency;
			package = 0A415E6227CA9FB900CF9AA3 /* XCRemoteSwiftPackageReference "swift-algorithms" */;
			productName = Algorithms;
		};
/* End XCSwiftPackageProductDependency section */
	};
	rootObject = E062E140239B550800A93D02 /* Project object */;
}
